// !$*UTF8*$!
{
	archiveVersion = 1;
	classes = {
	};
	objectVersion = 48;
	objects = {

/* Begin PBXBuildFile section */
		0C5C5F881FADC55900B1A479 /* AppDelegate.swift in Sources */ = {isa = PBXBuildFile; fileRef = 0C5C5F871FADC55900B1A479 /* AppDelegate.swift */; };
		0C5C5F8A1FADC55900B1A479 /* ViewController.swift in Sources */ = {isa = PBXBuildFile; fileRef = 0C5C5F891FADC55900B1A479 /* ViewController.swift */; };
		0C5C5F8D1FADC55900B1A479 /* Main.storyboard in Resources */ = {isa = PBXBuildFile; fileRef = 0C5C5F8B1FADC55900B1A479 /* Main.storyboard */; };
		0C5C5F8F1FADC55900B1A479 /* Assets.xcassets in Resources */ = {isa = PBXBuildFile; fileRef = 0C5C5F8E1FADC55900B1A479 /* Assets.xcassets */; };
		0C5C5F921FADC55900B1A479 /* LaunchScreen.storyboard in Resources */ = {isa = PBXBuildFile; fileRef = 0C5C5F901FADC55900B1A479 /* LaunchScreen.storyboard */; };
		A40C7D819B5348886B9FB46F /* Pods_ControlLEDESP8266.framework in Frameworks */ = {isa = PBXBuildFile; fileRef = 542B1EC4C594EBFA62FD2229 /* Pods_ControlLEDESP8266.framework */; };
/* End PBXBuildFile section */

/* Begin PBXFileReference section */
		0C5C5F841FADC55800B1A479 /* ControlLEDESP8266.app */ = {isa = PBXFileReference; explicitFileType = wrapper.application; includeInIndex = 0; path = ControlLEDESP8266.app; sourceTree = BUILT_PRODUCTS_DIR; };
		0C5C5F871FADC55900B1A479 /* AppDelegate.swift */ = {isa = PBXFileReference; lastKnownFileType = sourcecode.swift; path = AppDelegate.swift; sourceTree = "<group>"; };
		0C5C5F891FADC55900B1A479 /* ViewController.swift */ = {isa = PBXFileReference; lastKnownFileType = sourcecode.swift; path = ViewController.swift; sourceTree = "<group>"; };
		0C5C5F8C1FADC55900B1A479 /* Base */ = {isa = PBXFileReference; lastKnownFileType = file.storyboard; name = Base; path = Base.lproj/Main.storyboard; sourceTree = "<group>"; };
		0C5C5F8E1FADC55900B1A479 /* Assets.xcassets */ = {isa = PBXFileReference; lastKnownFileType = folder.assetcatalog; path = Assets.xcassets; sourceTree = "<group>"; };
		0C5C5F911FADC55900B1A479 /* Base */ = {isa = PBXFileReference; lastKnownFileType = file.storyboard; name = Base; path = Base.lproj/LaunchScreen.storyboard; sourceTree = "<group>"; };
		0C5C5F931FADC55900B1A479 /* Info.plist */ = {isa = PBXFileReference; lastKnownFileType = text.plist.xml; path = Info.plist; sourceTree = "<group>"; };
		34CC329936DCAACFC325C2A8 /* Pods-ControlLEDESP8266.release.xcconfig */ = {isa = PBXFileReference; includeInIndex = 1; lastKnownFileType = text.xcconfig; name = "Pods-ControlLEDESP8266.release.xcconfig"; path = "Pods/Target Support Files/Pods-ControlLEDESP8266/Pods-ControlLEDESP8266.release.xcconfig"; sourceTree = "<group>"; };
		4C003C64A485B0C407B58AD2 /* Pods-ControlLEDESP8266.debug.xcconfig */ = {isa = PBXFileReference; includeInIndex = 1; lastKnownFileType = text.xcconfig; name = "Pods-ControlLEDESP8266.debug.xcconfig"; path = "Pods/Target Support Files/Pods-ControlLEDESP8266/Pods-ControlLEDESP8266.debug.xcconfig"; sourceTree = "<group>"; };
		542B1EC4C594EBFA62FD2229 /* Pods_ControlLEDESP8266.framework */ = {isa = PBXFileReference; explicitFileType = wrapper.framework; includeInIndex = 0; path = Pods_ControlLEDESP8266.framework; sourceTree = BUILT_PRODUCTS_DIR; };
/* End PBXFileReference section */

/* Begin PBXFrameworksBuildPhase section */
		0C5C5F811FADC55800B1A479 /* Frameworks */ = {
			isa = PBXFrameworksBuildPhase;
			buildActionMask = 2147483647;
			files = (
				A40C7D819B5348886B9FB46F /* Pods_ControlLEDESP8266.framework in Frameworks */,
			);
			runOnlyForDeploymentPostprocessing = 0;
		};
/* End PBXFrameworksBuildPhase section */

/* Begin PBXGroup section */
		0C5C5F7B1FADC55700B1A479 = {
			isa = PBXGroup;
			children = (
				0C5C5F861FADC55800B1A479 /* ControlLEDESP8266 */,
				0C5C5F851FADC55800B1A479 /* Products */,
				EBFFC3E33AA03D41D1ED50BB /* Pods */,
				AA2BE69C58DB6016F39DFAC8 /* Frameworks */,
			);
			sourceTree = "<group>";
		};
		0C5C5F851FADC55800B1A479 /* Products */ = {
			isa = PBXGroup;
			children = (
				0C5C5F841FADC55800B1A479 /* ControlLEDESP8266.app */,
			);
			name = Products;
			sourceTree = "<group>";
		};
		0C5C5F861FADC55800B1A479 /* ControlLEDESP8266 */ = {
			isa = PBXGroup;
			children = (
				0C5C5F871FADC55900B1A479 /* AppDelegate.swift */,
				0C5C5F891FADC55900B1A479 /* ViewController.swift */,
				0C5C5F8B1FADC55900B1A479 /* Main.storyboard */,
				0C5C5F8E1FADC55900B1A479 /* Assets.xcassets */,
				0C5C5F901FADC55900B1A479 /* LaunchScreen.storyboard */,
				0C5C5F931FADC55900B1A479 /* Info.plist */,
			);
			path = ControlLEDESP8266;
			sourceTree = "<group>";
		};
		AA2BE69C58DB6016F39DFAC8 /* Frameworks */ = {
			isa = PBXGroup;
			children = (
				542B1EC4C594EBFA62FD2229 /* Pods_ControlLEDESP8266.framework */,
			);
			name = Frameworks;
			sourceTree = "<group>";
		};
		EBFFC3E33AA03D41D1ED50BB /* Pods */ = {
			isa = PBXGroup;
			children = (
				4C003C64A485B0C407B58AD2 /* Pods-ControlLEDESP8266.debug.xcconfig */,
				34CC329936DCAACFC325C2A8 /* Pods-ControlLEDESP8266.release.xcconfig */,
			);
			name = Pods;
			sourceTree = "<group>";
		};
/* End PBXGroup section */

/* Begin PBXNativeTarget section */
		0C5C5F831FADC55800B1A479 /* ControlLEDESP8266 */ = {
			isa = PBXNativeTarget;
			buildConfigurationList = 0C5C5F961FADC55900B1A479 /* Build configuration list for PBXNativeTarget "ControlLEDESP8266" */;
			buildPhases = (
				178633A6F8F1F240A3EBA535 /* [CP] Check Pods Manifest.lock */,
				0C5C5F801FADC55800B1A479 /* Sources */,
				0C5C5F811FADC55800B1A479 /* Frameworks */,
				0C5C5F821FADC55800B1A479 /* Resources */,
				F89975570E7998C6B3EADBC0 /* [CP] Embed Pods Frameworks */,
				6970ADDB0D21BBEB24835E01 /* [CP] Copy Pods Resources */,
			);
			buildRules = (
			);
			dependencies = (
			);
			name = ControlLEDESP8266;
			productName = ControlLEDESP8266;
			productReference = 0C5C5F841FADC55800B1A479 /* ControlLEDESP8266.app */;
			productType = "com.apple.product-type.application";
		};
/* End PBXNativeTarget section */

/* Begin PBXProject section */
		0C5C5F7C1FADC55800B1A479 /* Project object */ = {
			isa = PBXProject;
			attributes = {
				LastSwiftUpdateCheck = 0900;
				LastUpgradeCheck = 0900;
				ORGANIZATIONNAME = "TuanVi Phan";
				TargetAttributes = {
					0C5C5F831FADC55800B1A479 = {
						CreatedOnToolsVersion = 9.0;
						ProvisioningStyle = Automatic;
					};
				};
			};
			buildConfigurationList = 0C5C5F7F1FADC55800B1A479 /* Build configuration list for PBXProject "ControlLEDESP8266" */;
			compatibilityVersion = "Xcode 8.0";
			developmentRegion = en;
			hasScannedForEncodings = 0;
			knownRegions = (
				en,
				Base,
			);
			mainGroup = 0C5C5F7B1FADC55700B1A479;
			productRefGroup = 0C5C5F851FADC55800B1A479 /* Products */;
			projectDirPath = "";
			projectRoot = "";
			targets = (
				0C5C5F831FADC55800B1A479 /* ControlLEDESP8266 */,
			);
		};
/* End PBXProject section */

/* Begin PBXResourcesBuildPhase section */
		0C5C5F821FADC55800B1A479 /* Resources */ = {
			isa = PBXResourcesBuildPhase;
			buildActionMask = 2147483647;
			files = (
				0C5C5F921FADC55900B1A479 /* LaunchScreen.storyboard in Resources */,
				0C5C5F8F1FADC55900B1A479 /* Assets.xcassets in Resources */,
				0C5C5F8D1FADC55900B1A479 /* Main.storyboard in Resources */,
			);
			runOnlyForDeploymentPostprocessing = 0;
		};
/* End PBXResourcesBuildPhase section */

/* Begin PBXShellScriptBuildPhase section */
		178633A6F8F1F240A3EBA535 /* [CP] Check Pods Manifest.lock */ = {
			isa = PBXShellScriptBuildPhase;
			buildActionMask = 2147483647;
			files = (
			);
			inputPaths = (
				"${PODS_PODFILE_DIR_PATH}/Podfile.lock",
				"${PODS_ROOT}/Manifest.lock",
			);
			name = "[CP] Check Pods Manifest.lock";
			outputPaths = (
				"$(DERIVED_FILE_DIR)/Pods-ControlLEDESP8266-checkManifestLockResult.txt",
			);
			runOnlyForDeploymentPostprocessing = 0;
			shellPath = /bin/sh;
			shellScript = "diff \"${PODS_PODFILE_DIR_PATH}/Podfile.lock\" \"${PODS_ROOT}/Manifest.lock\" > /dev/null\nif [ $? != 0 ] ; then\n    # print error to STDERR\n    echo \"error: The sandbox is not in sync with the Podfile.lock. Run 'pod install' or update your CocoaPods installation.\" >&2\n    exit 1\nfi\n# This output is used by Xcode 'outputs' to avoid re-running this script phase.\necho \"SUCCESS\" > \"${SCRIPT_OUTPUT_FILE_0}\"\n";
			showEnvVarsInLog = 0;
		};
		6970ADDB0D21BBEB24835E01 /* [CP] Copy Pods Resources */ = {
			isa = PBXShellScriptBuildPhase;
			buildActionMask = 2147483647;
			files = (
			);
			inputPaths = (
			);
			name = "[CP] Copy Pods Resources";
			outputPaths = (
			);
			runOnlyForDeploymentPostprocessing = 0;
			shellPath = /bin/sh;
			shellScript = "\"${SRCROOT}/Pods/Target Support Files/Pods-ControlLEDESP8266/Pods-ControlLEDESP8266-resources.sh\"\n";
			showEnvVarsInLog = 0;
		};
		F89975570E7998C6B3EADBC0 /* [CP] Embed Pods Frameworks */ = {
			isa = PBXShellScriptBuildPhase;
			buildActionMask = 2147483647;
			files = (
			);
			inputPaths = (
				"${SRCROOT}/Pods/Target Support Files/Pods-ControlLEDESP8266/Pods-ControlLEDESP8266-frameworks.sh",
				"${BUILT_PRODUCTS_DIR}/Socket.IO-Client-Swift/SocketIO.framework",
				"${BUILT_PRODUCTS_DIR}/Starscream/Starscream.framework",
			);
			name = "[CP] Embed Pods Frameworks";
			outputPaths = (
				"${TARGET_BUILD_DIR}/${FRAMEWORKS_FOLDER_PATH}/SocketIO.framework",
				"${TARGET_BUILD_DIR}/${FRAMEWORKS_FOLDER_PATH}/Starscream.framework",
			);
			runOnlyForDeploymentPostprocessing = 0;
			shellPath = /bin/sh;
			shellScript = "\"${SRCROOT}/Pods/Target Support Files/Pods-ControlLEDESP8266/Pods-ControlLEDESP8266-frameworks.sh\"\n";
			showEnvVarsInLog = 0;
		};
/* End PBXShellScriptBuildPhase section */

/* Begin PBXSourcesBuildPhase section */
		0C5C5F801FADC55800B1A479 /* Sources */ = {
			isa = PBXSourcesBuildPhase;
			buildActionMask = 2147483647;
			files = (
				0C5C5F8A1FADC55900B1A479 /* ViewController.swift in Sources */,
				0C5C5F881FADC55900B1A479 /* AppDelegate.swift in Sources */,
			);
			runOnlyForDeploymentPostprocessing = 0;
		};
/* End PBXSourcesBuildPhase section */

/* Begin PBXVariantGroup section */
		0C5C5F8B1FADC55900B1A479 /* Main.storyboard */ = {
			isa = PBXVariantGroup;
			children = (
				0C5C5F8C1FADC55900B1A479 /* Base */,
			);
			name = Main.storyboard;
			sourceTree = "<group>";
		};
		0C5C5F901FADC55900B1A479 /* LaunchScreen.storyboard */ = {
			isa = PBXVariantGroup;
			children = (
				0C5C5F911FADC55900B1A479 /* Base */,
			);
			name = LaunchScreen.storyboard;
			sourceTree = "<group>";
		};
/* End PBXVariantGroup section */

/* Begin XCBuildConfiguration section */
		0C5C5F941FADC55900B1A479 /* Debug */ = {
			isa = XCBuildConfiguration;
			buildSettings = {
				ALWAYS_SEARCH_USER_PATHS = NO;
				CLANG_ANALYZER_NONNULL = YES;
				CLANG_ANALYZER_NUMBER_OBJECT_CONVERSION = YES_AGGRESSIVE;
				CLANG_CXX_LANGUAGE_STANDARD = "gnu++14";
				CLANG_CXX_LIBRARY = "libc++";
				CLANG_ENABLE_MODULES = YES;
				CLANG_ENABLE_OBJC_ARC = YES;
				CLANG_WARN_BLOCK_CAPTURE_AUTORELEASING = YES;
				CLANG_WARN_BOOL_CONVERSION = YES;
				CLANG_WARN_COMMA = YES;
				CLANG_WARN_CONSTANT_CONVERSION = YES;
				CLANG_WARN_DIRECT_OBJC_ISA_USAGE = YES_ERROR;
				CLANG_WARN_DOCUMENTATION_COMMENTS = YES;
				CLANG_WARN_EMPTY_BODY = YES;
				CLANG_WARN_ENUM_CONVERSION = YES;
				CLANG_WARN_INFINITE_RECURSION = YES;
				CLANG_WARN_INT_CONVERSION = YES;
				CLANG_WARN_NON_LITERAL_NULL_CONVERSION = YES;
				CLANG_WARN_OBJC_LITERAL_CONVERSION = YES;
				CLANG_WARN_OBJC_ROOT_CLASS = YES_ERROR;
				CLANG_WARN_RANGE_LOOP_ANALYSIS = YES;
				CLANG_WARN_STRICT_PROTOTYPES = YES;
				CLANG_WARN_SUSPICIOUS_MOVE = YES;
				CLANG_WARN_UNGUARDED_AVAILABILITY = YES_AGGRESSIVE;
				CLANG_WARN_UNREACHABLE_CODE = YES;
				CLANG_WARN__DUPLICATE_METHOD_MATCH = YES;
				CODE_SIGN_IDENTITY = "iPhone Developer";
				COPY_PHASE_STRIP = NO;
				DEBUG_INFORMATION_FORMAT = dwarf;
				ENABLE_STRICT_OBJC_MSGSEND = YES;
				ENABLE_TESTABILITY = YES;
				GCC_C_LANGUAGE_STANDARD = gnu11;
				GCC_DYNAMIC_NO_PIC = NO;
				GCC_NO_COMMON_BLOCKS = YES;
				GCC_OPTIMIZATION_LEVEL = 0;
				GCC_PREPROCESSOR_DEFINITIONS = (
					"DEBUG=1",
					"$(inherited)",
				);
				GCC_WARN_64_TO_32_BIT_CONVERSION = YES;
				GCC_WARN_ABOUT_RETURN_TYPE = YES_ERROR;
				GCC_WARN_UNDECLARED_SELECTOR = YES;
				GCC_WARN_UNINITIALIZED_AUTOS = YES_AGGRESSIVE;
				GCC_WARN_UNUSED_FUNCTION = YES;
				GCC_WARN_UNUSED_VARIABLE = YES;
				IPHONEOS_DEPLOYMENT_TARGET = 11.0;
				MTL_ENABLE_DEBUG_INFO = YES;
				ONLY_ACTIVE_ARCH = YES;
				SDKROOT = iphoneos;
				SWIFT_ACTIVE_COMPILATION_CONDITIONS = DEBUG;
				SWIFT_OPTIMIZATION_LEVEL = "-Onone";
			};
			name = Debug;
		};
		0C5C5F951FADC55900B1A479 /* Release */ = {
			isa = XCBuildConfiguration;
			buildSettings = {
				ALWAYS_SEARCH_USER_PATHS = NO;
				CLANG_ANALYZER_NONNULL = YES;
				CLANG_ANALYZER_NUMBER_OBJECT_CONVERSION = YES_AGGRESSIVE;
				CLANG_CXX_LANGUAGE_STANDARD = "gnu++14";
				CLANG_CXX_LIBRARY = "libc++";
				CLANG_ENABLE_MODULES = YES;
				CLANG_ENABLE_OBJC_ARC = YES;
				CLANG_WARN_BLOCK_CAPTURE_AUTORELEASING = YES;
				CLANG_WARN_BOOL_CONVERSION = YES;
				CLANG_WARN_COMMA = YES;
				CLANG_WARN_CONSTANT_CONVERSION = YES;
				CLANG_WARN_DIRECT_OBJC_ISA_USAGE = YES_ERROR;
				CLANG_WARN_DOCUMENTATION_COMMENTS = YES;
				CLANG_WARN_EMPTY_BODY = YES;
				CLANG_WARN_ENUM_CONVERSION = YES;
				CLANG_WARN_INFINITE_RECURSION = YES;
				CLANG_WARN_INT_CONVERSION = YES;
				CLANG_WARN_NON_LITERAL_NULL_CONVERSION = YES;
				CLANG_WARN_OBJC_LITERAL_CONVERSION = YES;
				CLANG_WARN_OBJC_ROOT_CLASS = YES_ERROR;
				CLANG_WARN_RANGE_LOOP_ANALYSIS = YES;
				CLANG_WARN_STRICT_PROTOTYPES = YES;
				CLANG_WARN_SUSPICIOUS_MOVE = YES;
				CLANG_WARN_UNGUARDED_AVAILABILITY = YES_AGGRESSIVE;
				CLANG_WARN_UNREACHABLE_CODE = YES;
				CLANG_WARN__DUPLICATE_METHOD_MATCH = YES;
				CODE_SIGN_IDENTITY = "iPhone Developer";
				COPY_PHASE_STRIP = NO;
				DEBUG_INFORMATION_FORMAT = "dwarf-with-dsym";
				ENABLE_NS_ASSERTIONS = NO;
				ENABLE_STRICT_OBJC_MSGSEND = YES;
				GCC_C_LANGUAGE_STANDARD = gnu11;
				GCC_NO_COMMON_BLOCKS = YES;
				GCC_WARN_64_TO_32_BIT_CONVERSION = YES;
				GCC_WARN_ABOUT_RETURN_TYPE = YES_ERROR;
				GCC_WARN_UNDECLARED_SELECTOR = YES;
				GCC_WARN_UNINITIALIZED_AUTOS = YES_AGGRESSIVE;
				GCC_WARN_UNUSED_FUNCTION = YES;
				GCC_WARN_UNUSED_VARIABLE = YES;
				IPHONEOS_DEPLOYMENT_TARGET = 11.0;
				MTL_ENABLE_DEBUG_INFO = NO;
				SDKROOT = iphoneos;
				SWIFT_OPTIMIZATION_LEVEL = "-Owholemodule";
				VALIDATE_PRODUCT = YES;
			};
			name = Release;
		};
		0C5C5F971FADC55900B1A479 /* Debug */ = {
			isa = XCBuildConfiguration;
			baseConfigurationReference = 4C003C64A485B0C407B58AD2 /* Pods-ControlLEDESP8266.debug.xcconfig */;
			buildSettings = {
				ASSETCATALOG_COMPILER_APPICON_NAME = AppIcon;
				CODE_SIGN_STYLE = Automatic;
				DEVELOPMENT_TEAM = 62G4RHB5VM;
				INFOPLIST_FILE = ControlLEDESP8266/Info.plist;
				IPHONEOS_DEPLOYMENT_TARGET = 9.3;
				LD_RUNPATH_SEARCH_PATHS = "$(inherited) @executable_path/Frameworks";
				PRODUCT_BUNDLE_IDENTIFIER = com.phantuanvi.ControlLEDESP8266;
				PRODUCT_NAME = "$(TARGET_NAME)";
				SWIFT_VERSION = 4.0;
				TARGETED_DEVICE_FAMILY = "1,2";
			};
			name = Debug;
		};
		0C5C5F981FADC55900B1A479 /* Release */ = {
			isa = XCBuildConfiguration;
			baseConfigurationReference = 34CC329936DCAACFC325C2A8 /* Pods-ControlLEDESP8266.release.xcconfig */;
			buildSettings = {
				ASSETCATALOG_COMPILER_APPICON_NAME = AppIcon;
				CODE_SIGN_STYLE = Automatic;
				DEVELOPMENT_TEAM = 62G4RHB5VM;
				INFOPLIST_FILE = ControlLEDESP8266/Info.plist;
				IPHONEOS_DEPLOYMENT_TARGET = 9.3;
				LD_RUNPATH_SEARCH_PATHS = "$(inherited) @executable_path/Frameworks";
				PRODUCT_BUNDLE_IDENTIFIER = com.phantuanvi.ControlLEDESP8266;
				PRODUCT_NAME = "$(TARGET_NAME)";
				SWIFT_VERSION = 4.0;
				TARGETED_DEVICE_FAMILY = "1,2";
			};
			name = Release;
		};
/* End XCBuildConfiguration section */

/* Begin XCConfigurationList section */
		0C5C5F7F1FADC55800B1A479 /* Build configuration list for PBXProject "ControlLEDESP8266" */ = {
			isa = XCConfigurationList;
			buildConfigurations = (
				0C5C5F941FADC55900B1A479 /* Debug */,
				0C5C5F951FADC55900B1A479 /* Release */,
			);
			defaultConfigurationIsVisible = 0;
			defaultConfigurationName = Release;
		};
		0C5C5F961FADC55900B1A479 /* Build configuration list for PBXNativeTarget "ControlLEDESP8266" */ = {
			isa = XCConfigurationList;
			buildConfigurations = (
				0C5C5F971FADC55900B1A479 /* Debug */,
				0C5C5F981FADC55900B1A479 /* Release */,
			);
			defaultConfigurationIsVisible = 0;
			defaultConfigurationName = Release;
		};
/* End XCConfigurationList section */
	};
	rootObject = 0C5C5F7C1FADC55800B1A479 /* Project object */;
}
